
Microsoft Visual Studio Solution File, Format Version 12.00
# Visual Studio Version 17
VisualStudioVersion = 17.0.32002.185
MinimumVisualStudioVersion = 10.0.40219.1
Project("{FAE04EC0-301F-11D3-BF4B-00C04F79EFBC}") = "MilleniumRecruitmentTask", "MilleniumRecruitmentTask\MilleniumRecruitmentTask.csproj", "{0744F5AF-E5A0-44E6-9267-DC3B28C647E8}"
EndProject
Project("{FAE04EC0-301F-11D3-BF4B-00C04F79EFBC}") = "MilleniumRecruitmentTaskTests", "MilleniumRecruitmentTaskTests\MilleniumRecruitmentTaskTests.csproj", "{ED84D743-0308-4BFF-B84E-A704CFBE5083}"
EndProject
Global
	GlobalSection(SolutionConfigurationPlatforms) = preSolution
		Debug|Any CPU = Debug|Any CPU
		Release|Any CPU = Release|Any CPU
	EndGlobalSection
	GlobalSection(ProjectConfigurationPlatforms) = postSolution
		{0744F5AF-E5A0-44E6-9267-DC3B28C647E8}.Debug|Any CPU.ActiveCfg = Debug|Any CPU
		{0744F5AF-E5A0-44E6-9267-DC3B28C647E8}.Debug|Any CPU.Build.0 = Debug|Any CPU
		{0744F5AF-E5A0-44E6-9267-DC3B28C647E8}.Release|Any CPU.ActiveCfg = Release|Any CPU
		{0744F5AF-E5A0-44E6-9267-DC3B28C647E8}.Release|Any CPU.Build.0 = Release|Any CPU
		{ED84D743-0308-4BFF-B84E-A704CFBE5083}.Debug|Any CPU.ActiveCfg = Debug|Any CPU
		{ED84D743-0308-4BFF-B84E-A704CFBE5083}.Debug|Any CPU.Build.0 = Debug|Any CPU
		{ED84D743-0308-4BFF-B84E-A704CFBE5083}.Release|Any CPU.ActiveCfg = Release|Any CPU
		{ED84D743-0308-4BFF-B84E-A704CFBE5083}.Release|Any CPU.Build.0 = Release|Any CPU
	EndGlobalSection
	GlobalSection(SolutionProperties) = preSolution
		HideSolutionNode = FALSE
	EndGlobalSection
	GlobalSection(ExtensibilityGlobals) = postSolution
		SolutionGuid = {13A53D56-1BD4-4015-9A02-67A94E6947E1}
	EndGlobalSection
EndGlobal
